
Microsoft Visual Studio Solution File, Format Version 12.00
# Visual Studio 15
VisualStudioVersion = 15.0.27526.0
MinimumVisualStudioVersion = 10.0.40219.1
Project("{FAE04EC0-301F-11D3-BF4B-00C04F79EFBC}") = "ArrayLengthVsStatic", "ArrayLengthVsStatic\ArrayLengthVsStatic.csproj", "{F769DAC6-0988-4596-8F89-F6052DDD5416}"
EndProject
Global
	GlobalSection(SolutionConfigurationPlatforms) = preSolution
		Debug|Any CPU = Debug|Any CPU
		Release|Any CPU = Release|Any CPU
	EndGlobalSection
	GlobalSection(ProjectConfigurationPlatforms) = postSolution
		{F769DAC6-0988-4596-8F89-F6052DDD5416}.Debug|Any CPU.ActiveCfg = Debug|Any CPU
		{F769DAC6-0988-4596-8F89-F6052DDD5416}.Debug|Any CPU.Build.0 = Debug|Any CPU
		{F769DAC6-0988-4596-8F89-F6052DDD5416}.Release|Any CPU.ActiveCfg = Release|Any CPU
		{F769DAC6-0988-4596-8F89-F6052DDD5416}.Release|Any CPU.Build.0 = Release|Any CPU
	EndGlobalSection
	GlobalSection(SolutionProperties) = preSolution
		HideSolutionNode = FALSE
	EndGlobalSection
	GlobalSection(ExtensibilityGlobals) = postSolution
		SolutionGuid = {452D02A4-3707-4B9F-93F5-98E084FD3A58}
	EndGlobalSection
EndGlobal
